
Microsoft Visual Studio Solution File, Format Version 12.00
# Visual Studio Version 17
VisualStudioVersion = 17.0.31903.59
MinimumVisualStudioVersion = 10.0.40219.1
Project("{2150E333-8FDC-42A3-9474-1A3956D46DE8}") = "src", "src", "{827E0CD3-B72D-47B6-A68D-7590B98EB39B}"
EndProject
Project("{FAE04EC0-301F-11D3-BF4B-00C04F79EFBC}") = "NFEConsulta.Core", "src\NFEConsulta.Core\NFEConsulta.Core.csproj", "{629A435E-BC04-4E17-92F9-DB06D7A90EDC}"
EndProject
Project("{FAE04EC0-301F-11D3-BF4B-00C04F79EFBC}") = "NFEConsulta.Api", "src\NFEConsulta.Api\NFEConsulta.Api.csproj", "{1332AD79-A039-460D-BF5C-1420EC429DD7}"
EndProject
Project("{FAE04EC0-301F-11D3-BF4B-00C04F79EFBC}") = "NFEConsulta.Cli", "src\NFEConsulta.Cli\NFEConsulta.Cli.csproj", "{6C390388-B4AB-4496-9E6C-4322A29AE807}"
EndProject
Project("{2150E333-8FDC-42A3-9474-1A3956D46DE8}") = "tests", "tests", "{0AB3BF05-4346-4AA6-1389-037BE0695223}"
EndProject
Project("{FAE04EC0-301F-11D3-BF4B-00C04F79EFBC}") = "NFEConsulta.Tests", "tests\NFEConsulta.Tests\NFEConsulta.Tests.csproj", "{A11F4363-041D-454D-9555-2A0652C82182}"
EndProject
Global
	GlobalSection(SolutionConfigurationPlatforms) = preSolution
		Debug|Any CPU = Debug|Any CPU
		Debug|x64 = Debug|x64
		Debug|x86 = Debug|x86
		Release|Any CPU = Release|Any CPU
		Release|x64 = Release|x64
		Release|x86 = Release|x86
	EndGlobalSection
	GlobalSection(ProjectConfigurationPlatforms) = postSolution
		{629A435E-BC04-4E17-92F9-DB06D7A90EDC}.Debug|Any CPU.ActiveCfg = Debug|Any CPU
		{629A435E-BC04-4E17-92F9-DB06D7A90EDC}.Debug|Any CPU.Build.0 = Debug|Any CPU
		{629A435E-BC04-4E17-92F9-DB06D7A90EDC}.Debug|x64.ActiveCfg = Debug|Any CPU
		{629A435E-BC04-4E17-92F9-DB06D7A90EDC}.Debug|x64.Build.0 = Debug|Any CPU
		{629A435E-BC04-4E17-92F9-DB06D7A90EDC}.Debug|x86.ActiveCfg = Debug|Any CPU
		{629A435E-BC04-4E17-92F9-DB06D7A90EDC}.Debug|x86.Build.0 = Debug|Any CPU
		{629A435E-BC04-4E17-92F9-DB06D7A90EDC}.Release|Any CPU.ActiveCfg = Release|Any CPU
		{629A435E-BC04-4E17-92F9-DB06D7A90EDC}.Release|Any CPU.Build.0 = Release|Any CPU
		{629A435E-BC04-4E17-92F9-DB06D7A90EDC}.Release|x64.ActiveCfg = Release|Any CPU
		{629A435E-BC04-4E17-92F9-DB06D7A90EDC}.Release|x64.Build.0 = Release|Any CPU
		{629A435E-BC04-4E17-92F9-DB06D7A90EDC}.Release|x86.ActiveCfg = Release|Any CPU
		{629A435E-BC04-4E17-92F9-DB06D7A90EDC}.Release|x86.Build.0 = Release|Any CPU
		{1332AD79-A039-460D-BF5C-1420EC429DD7}.Debug|Any CPU.ActiveCfg = Debug|Any CPU
		{1332AD79-A039-460D-BF5C-1420EC429DD7}.Debug|Any CPU.Build.0 = Debug|Any CPU
		{1332AD79-A039-460D-BF5C-1420EC429DD7}.Debug|x64.ActiveCfg = Debug|Any CPU
		{1332AD79-A039-460D-BF5C-1420EC429DD7}.Debug|x64.Build.0 = Debug|Any CPU
		{1332AD79-A039-460D-BF5C-1420EC429DD7}.Debug|x86.ActiveCfg = Debug|Any CPU
		{1332AD79-A039-460D-BF5C-1420EC429DD7}.Debug|x86.Build.0 = Debug|Any CPU
		{1332AD79-A039-460D-BF5C-1420EC429DD7}.Release|Any CPU.ActiveCfg = Release|Any CPU
		{1332AD79-A039-460D-BF5C-1420EC429DD7}.Release|Any CPU.Build.0 = Release|Any CPU
		{1332AD79-A039-460D-BF5C-1420EC429DD7}.Release|x64.ActiveCfg = Release|Any CPU
		{1332AD79-A039-460D-BF5C-1420EC429DD7}.Release|x64.Build.0 = Release|Any CPU
		{1332AD79-A039-460D-BF5C-1420EC429DD7}.Release|x86.ActiveCfg = Release|Any CPU
		{1332AD79-A039-460D-BF5C-1420EC429DD7}.Release|x86.Build.0 = Release|Any CPU
		{6C390388-B4AB-4496-9E6C-4322A29AE807}.Debug|Any CPU.ActiveCfg = Debug|Any CPU
		{6C390388-B4AB-4496-9E6C-4322A29AE807}.Debug|Any CPU.Build.0 = Debug|Any CPU
		{6C390388-B4AB-4496-9E6C-4322A29AE807}.Debug|x64.ActiveCfg = Debug|Any CPU
		{6C390388-B4AB-4496-9E6C-4322A29AE807}.Debug|x64.Build.0 = Debug|Any CPU
		{6C390388-B4AB-4496-9E6C-4322A29AE807}.Debug|x86.ActiveCfg = Debug|Any CPU
		{6C390388-B4AB-4496-9E6C-4322A29AE807}.Debug|x86.Build.0 = Debug|Any CPU
		{6C390388-B4AB-4496-9E6C-4322A29AE807}.Release|Any CPU.ActiveCfg = Release|Any CPU
		{6C390388-B4AB-4496-9E6C-4322A29AE807}.Release|Any CPU.Build.0 = Release|Any CPU
		{6C390388-B4AB-4496-9E6C-4322A29AE807}.Release|x64.ActiveCfg = Release|Any CPU
		{6C390388-B4AB-4496-9E6C-4322A29AE807}.Release|x64.Build.0 = Release|Any CPU
		{6C390388-B4AB-4496-9E6C-4322A29AE807}.Release|x86.ActiveCfg = Release|Any CPU
		{6C390388-B4AB-4496-9E6C-4322A29AE807}.Release|x86.Build.0 = Release|Any CPU
		{A11F4363-041D-454D-9555-2A0652C82182}.Debug|Any CPU.ActiveCfg = Debug|Any CPU
		{A11F4363-041D-454D-9555-2A0652C82182}.Debug|Any CPU.Build.0 = Debug|Any CPU
		{A11F4363-041D-454D-9555-2A0652C82182}.Debug|x64.ActiveCfg = Debug|Any CPU
		{A11F4363-041D-454D-9555-2A0652C82182}.Debug|x64.Build.0 = Debug|Any CPU
		{A11F4363-041D-454D-9555-2A0652C82182}.Debug|x86.ActiveCfg = Debug|Any CPU
		{A11F4363-041D-454D-9555-2A0652C82182}.Debug|x86.Build.0 = Debug|Any CPU
		{A11F4363-041D-454D-9555-2A0652C82182}.Release|Any CPU.ActiveCfg = Release|Any CPU
		{A11F4363-041D-454D-9555-2A0652C82182}.Release|Any CPU.Build.0 = Release|Any CPU
		{A11F4363-041D-454D-9555-2A0652C82182}.Release|x64.ActiveCfg = Release|Any CPU
		{A11F4363-041D-454D-9555-2A0652C82182}.Release|x64.Build.0 = Release|Any CPU
		{A11F4363-041D-454D-9555-2A0652C82182}.Release|x86.ActiveCfg = Release|Any CPU
		{A11F4363-041D-454D-9555-2A0652C82182}.Release|x86.Build.0 = Release|Any CPU
	EndGlobalSection
	GlobalSection(SolutionProperties) = preSolution
		HideSolutionNode = FALSE
	EndGlobalSection
	GlobalSection(NestedProjects) = preSolution
		{629A435E-BC04-4E17-92F9-DB06D7A90EDC} = {827E0CD3-B72D-47B6-A68D-7590B98EB39B}
		{1332AD79-A039-460D-BF5C-1420EC429DD7} = {827E0CD3-B72D-47B6-A68D-7590B98EB39B}
		{6C390388-B4AB-4496-9E6C-4322A29AE807} = {827E0CD3-B72D-47B6-A68D-7590B98EB39B}
		{A11F4363-041D-454D-9555-2A0652C82182} = {0AB3BF05-4346-4AA6-1389-037BE0695223}
	EndGlobalSection
EndGlobal
